// !$*UTF8*$!
{
	archiveVersion = 1;
	classes = {
	};
	objectVersion = 56;
	objects = {

/* Begin PBXBuildFile section */
		C46D06652C91123E001EF943 /* me_timeApp.swift in Sources */ = {isa = PBXBuildFile; fileRef = C46D06642C91123E001EF943 /* me_timeApp.swift */; };
		C46D06692C91123F001EF943 /* Assets.xcassets in Resources */ = {isa = PBXBuildFile; fileRef = C46D06682C91123F001EF943 /* Assets.xcassets */; };
		C46D066C2C91123F001EF943 /* Preview Assets.xcassets in Resources */ = {isa = PBXBuildFile; fileRef = C46D066B2C91123F001EF943 /* Preview Assets.xcassets */; };
		C46D06942C957F50001EF943 /* LaunchScreenView.swift in Sources */ = {isa = PBXBuildFile; fileRef = C46D06932C957F50001EF943 /* LaunchScreenView.swift */; };
		C46D06972C958053001EF943 /* Color.xcassets in Resources */ = {isa = PBXBuildFile; fileRef = C46D06962C958053001EF943 /* Color.xcassets */; };
		C46D06992C95873B001EF943 /* OnboardingView.swift in Sources */ = {isa = PBXBuildFile; fileRef = C46D06982C95873B001EF943 /* OnboardingView.swift */; };
		C46D069C2C96B6D5001EF943 /* CommonButton.swift in Sources */ = {isa = PBXBuildFile; fileRef = C46D069B2C96B6D5001EF943 /* CommonButton.swift */; };
		C46D06A12C96B9F3001EF943 /* DMSerifDisplay-Italic.ttf in Resources */ = {isa = PBXBuildFile; fileRef = C46D069F2C96B9F3001EF943 /* DMSerifDisplay-Italic.ttf */; };
		C46D06A22C96B9F3001EF943 /* DMSerifDisplay-Regular.ttf in Resources */ = {isa = PBXBuildFile; fileRef = C46D06A02C96B9F3001EF943 /* DMSerifDisplay-Regular.ttf */; };
		C46D06A52C96BA0F001EF943 /* GowunBatang-Bold.ttf in Resources */ = {isa = PBXBuildFile; fileRef = C46D06A32C96BA0F001EF943 /* GowunBatang-Bold.ttf */; };
		C46D06A62C96BA0F001EF943 /* GowunBatang-Regular.ttf in Resources */ = {isa = PBXBuildFile; fileRef = C46D06A42C96BA0F001EF943 /* GowunBatang-Regular.ttf */; };
		C46D06AC2C96BA1B001EF943 /* Morena-ExtraLight.otf in Resources */ = {isa = PBXBuildFile; fileRef = C46D06A72C96BA1B001EF943 /* Morena-ExtraLight.otf */; };
		C46D06AD2C96BA1B001EF943 /* Morena.otf in Resources */ = {isa = PBXBuildFile; fileRef = C46D06A82C96BA1B001EF943 /* Morena.otf */; };
		C46D06AE2C96BA1B001EF943 /* Morena-Light.otf in Resources */ = {isa = PBXBuildFile; fileRef = C46D06A92C96BA1B001EF943 /* Morena-Light.otf */; };
		C46D06AF2C96BA1B001EF943 /* Morena-Semibold.otf in Resources */ = {isa = PBXBuildFile; fileRef = C46D06AA2C96BA1B001EF943 /* Morena-Semibold.otf */; };
		C46D06B02C96BA1B001EF943 /* Morena-Bold.otf in Resources */ = {isa = PBXBuildFile; fileRef = C46D06AB2C96BA1B001EF943 /* Morena-Bold.otf */; };
		C46D06B32C96BAF8001EF943 /* Font+.swift in Sources */ = {isa = PBXBuildFile; fileRef = C46D06B22C96BAF8001EF943 /* Font+.swift */; };
		C46D06B62C96C13B001EF943 /* ButtonShapeWrapper.swift in Sources */ = {isa = PBXBuildFile; fileRef = C46D06B52C96C13B001EF943 /* ButtonShapeWrapper.swift */; };
		C46D06B82C96C7D8001EF943 /* ButtonWrapper.swift in Sources */ = {isa = PBXBuildFile; fileRef = C46D06B72C96C7D8001EF943 /* ButtonWrapper.swift */; };
		C47A63FD2C97177F003E8949 /* CustomTabView.swift in Sources */ = {isa = PBXBuildFile; fileRef = C47A63FC2C97177F003E8949 /* CustomTabView.swift */; };
		C47A64002C9717B3003E8949 /* MorningPaperView.swift in Sources */ = {isa = PBXBuildFile; fileRef = C47A63FF2C9717B3003E8949 /* MorningPaperView.swift */; };
		C47A64032C9717C6003E8949 /* DataView.swift in Sources */ = {isa = PBXBuildFile; fileRef = C47A64022C9717C6003E8949 /* DataView.swift */; };
		C47A64062C9717E3003E8949 /* MusicView.swift in Sources */ = {isa = PBXBuildFile; fileRef = C47A64052C9717E3003E8949 /* MusicView.swift */; };
		C47A64092C971817003E8949 /* SettingView.swift in Sources */ = {isa = PBXBuildFile; fileRef = C47A64082C971817003E8949 /* SettingView.swift */; };
		C47A640D2C984BDE003E8949 /* UserDefaultsManager.swift in Sources */ = {isa = PBXBuildFile; fileRef = C47A640C2C984BDE003E8949 /* UserDefaultsManager.swift */; };
		C47A640F2C985A07003E8949 /* Localizable.xcstrings in Resources */ = {isa = PBXBuildFile; fileRef = C47A640E2C985A07003E8949 /* Localizable.xcstrings */; };
		C47A64122C98779D003E8949 /* TodayEmotionView.swift in Sources */ = {isa = PBXBuildFile; fileRef = C47A64112C98779D003E8949 /* TodayEmotionView.swift */; };
		C47A64142C991BC7003E8949 /* Constant.swift in Sources */ = {isa = PBXBuildFile; fileRef = C47A64132C991BC7003E8949 /* Constant.swift */; };
		C47A641E2C995FC8003E8949 /* WritingView.swift in Sources */ = {isa = PBXBuildFile; fileRef = C47A641D2C995FC8003E8949 /* WritingView.swift */; };
		C47A64202C9997DD003E8949 /* BackButtonWrapper.swift in Sources */ = {isa = PBXBuildFile; fileRef = C47A641F2C9997DD003E8949 /* BackButtonWrapper.swift */; };
		C47A64222C99A02E003E8949 /* DateFormatterManager.swift in Sources */ = {isa = PBXBuildFile; fileRef = C47A64212C99A02E003E8949 /* DateFormatterManager.swift */; };
		C47A64262C9A93B9003E8949 /* RealmSwift in Frameworks */ = {isa = PBXBuildFile; productRef = C47A64252C9A93B9003E8949 /* RealmSwift */; };
		C47A64282C9A966B003E8949 /* MorningPaper.swift in Sources */ = {isa = PBXBuildFile; fileRef = C47A64272C9A966B003E8949 /* MorningPaper.swift */; };
		C47A642B2C9AA4B9003E8949 /* MorningPaperTableRepository.swift in Sources */ = {isa = PBXBuildFile; fileRef = C47A642A2C9AA4B9003E8949 /* MorningPaperTableRepository.swift */; };
		C47A642C2C9ABC11003E8949 /* RealmSwift in Embed Frameworks */ = {isa = PBXBuildFile; productRef = C47A64252C9A93B9003E8949 /* RealmSwift */; settings = {ATTRIBUTES = (CodeSignOnCopy, ); }; };
		C47A642F2C9AEB84003E8949 /* RoundedCorner.swift in Sources */ = {isa = PBXBuildFile; fileRef = C47A642E2C9AEB84003E8949 /* RoundedCorner.swift */; };
		C47A64312C9B0621003E8949 /* Color+.swift in Sources */ = {isa = PBXBuildFile; fileRef = C47A64302C9B0621003E8949 /* Color+.swift */; };
		C47A64372C9EAD78003E8949 /* DetailView.swift in Sources */ = {isa = PBXBuildFile; fileRef = C47A64362C9EAD78003E8949 /* DetailView.swift */; };
		C4E2F2EF2CA14C8D00E97157 /* CommentView.swift in Sources */ = {isa = PBXBuildFile; fileRef = C4E2F2EE2CA14C8D00E97157 /* CommentView.swift */; };
		C4E2F2F12CA2E6BA00E97157 /* CalendarView.swift in Sources */ = {isa = PBXBuildFile; fileRef = C4E2F2F02CA2E6BA00E97157 /* CalendarView.swift */; };
		C4E2F2F32CA30CBA00E97157 /* ChartView.swift in Sources */ = {isa = PBXBuildFile; fileRef = C4E2F2F22CA30CBA00E97157 /* ChartView.swift */; };
		C4E2F2F62CA4417000E97157 /* CustomCalendarView.swift in Sources */ = {isa = PBXBuildFile; fileRef = C4E2F2F52CA4417000E97157 /* CustomCalendarView.swift */; };
		C4E2F2F92CA5567300E97157 /* DateValue.swift in Sources */ = {isa = PBXBuildFile; fileRef = C4E2F2F82CA5567300E97157 /* DateValue.swift */; };
/* End PBXBuildFile section */

/* Begin PBXCopyFilesBuildPhase section */
		C47A642D2C9ABC11003E8949 /* Embed Frameworks */ = {
			isa = PBXCopyFilesBuildPhase;
			buildActionMask = 2147483647;
			dstPath = "";
			dstSubfolderSpec = 10;
			files = (
				C47A642C2C9ABC11003E8949 /* RealmSwift in Embed Frameworks */,
			);
			name = "Embed Frameworks";
			runOnlyForDeploymentPostprocessing = 0;
		};
/* End PBXCopyFilesBuildPhase section */

/* Begin PBXFileReference section */
		C46D06612C91123E001EF943 /* me-time.app */ = {isa = PBXFileReference; explicitFileType = wrapper.application; includeInIndex = 0; path = "me-time.app"; sourceTree = BUILT_PRODUCTS_DIR; };
		C46D06642C91123E001EF943 /* me_timeApp.swift */ = {isa = PBXFileReference; lastKnownFileType = sourcecode.swift; path = me_timeApp.swift; sourceTree = "<group>"; };
		C46D06682C91123F001EF943 /* Assets.xcassets */ = {isa = PBXFileReference; lastKnownFileType = folder.assetcatalog; path = Assets.xcassets; sourceTree = "<group>"; };
		C46D066B2C91123F001EF943 /* Preview Assets.xcassets */ = {isa = PBXFileReference; lastKnownFileType = folder.assetcatalog; path = "Preview Assets.xcassets"; sourceTree = "<group>"; };
		C46D06912C957BD1001EF943 /* Info.plist */ = {isa = PBXFileReference; lastKnownFileType = text.plist.xml; path = Info.plist; sourceTree = "<group>"; };
		C46D06932C957F50001EF943 /* LaunchScreenView.swift */ = {isa = PBXFileReference; lastKnownFileType = sourcecode.swift; path = LaunchScreenView.swift; sourceTree = "<group>"; };
		C46D06962C958053001EF943 /* Color.xcassets */ = {isa = PBXFileReference; lastKnownFileType = folder.assetcatalog; path = Color.xcassets; sourceTree = "<group>"; };
		C46D06982C95873B001EF943 /* OnboardingView.swift */ = {isa = PBXFileReference; lastKnownFileType = sourcecode.swift; path = OnboardingView.swift; sourceTree = "<group>"; };
		C46D069B2C96B6D5001EF943 /* CommonButton.swift */ = {isa = PBXFileReference; lastKnownFileType = sourcecode.swift; path = CommonButton.swift; sourceTree = "<group>"; };
		C46D069F2C96B9F3001EF943 /* DMSerifDisplay-Italic.ttf */ = {isa = PBXFileReference; lastKnownFileType = file; path = "DMSerifDisplay-Italic.ttf"; sourceTree = "<group>"; };
		C46D06A02C96B9F3001EF943 /* DMSerifDisplay-Regular.ttf */ = {isa = PBXFileReference; lastKnownFileType = file; path = "DMSerifDisplay-Regular.ttf"; sourceTree = "<group>"; };
		C46D06A32C96BA0F001EF943 /* GowunBatang-Bold.ttf */ = {isa = PBXFileReference; lastKnownFileType = file; path = "GowunBatang-Bold.ttf"; sourceTree = "<group>"; };
		C46D06A42C96BA0F001EF943 /* GowunBatang-Regular.ttf */ = {isa = PBXFileReference; lastKnownFileType = file; path = "GowunBatang-Regular.ttf"; sourceTree = "<group>"; };
		C46D06A72C96BA1B001EF943 /* Morena-ExtraLight.otf */ = {isa = PBXFileReference; lastKnownFileType = file; path = "Morena-ExtraLight.otf"; sourceTree = "<group>"; };
		C46D06A82C96BA1B001EF943 /* Morena.otf */ = {isa = PBXFileReference; lastKnownFileType = file; path = Morena.otf; sourceTree = "<group>"; };
		C46D06A92C96BA1B001EF943 /* Morena-Light.otf */ = {isa = PBXFileReference; lastKnownFileType = file; path = "Morena-Light.otf"; sourceTree = "<group>"; };
		C46D06AA2C96BA1B001EF943 /* Morena-Semibold.otf */ = {isa = PBXFileReference; lastKnownFileType = file; path = "Morena-Semibold.otf"; sourceTree = "<group>"; };
		C46D06AB2C96BA1B001EF943 /* Morena-Bold.otf */ = {isa = PBXFileReference; lastKnownFileType = file; path = "Morena-Bold.otf"; sourceTree = "<group>"; };
		C46D06B22C96BAF8001EF943 /* Font+.swift */ = {isa = PBXFileReference; lastKnownFileType = sourcecode.swift; path = "Font+.swift"; sourceTree = "<group>"; };
		C46D06B52C96C13B001EF943 /* ButtonShapeWrapper.swift */ = {isa = PBXFileReference; lastKnownFileType = sourcecode.swift; path = ButtonShapeWrapper.swift; sourceTree = "<group>"; };
		C46D06B72C96C7D8001EF943 /* ButtonWrapper.swift */ = {isa = PBXFileReference; lastKnownFileType = sourcecode.swift; path = ButtonWrapper.swift; sourceTree = "<group>"; };
		C47A63FC2C97177F003E8949 /* CustomTabView.swift */ = {isa = PBXFileReference; lastKnownFileType = sourcecode.swift; path = CustomTabView.swift; sourceTree = "<group>"; };
		C47A63FF2C9717B3003E8949 /* MorningPaperView.swift */ = {isa = PBXFileReference; lastKnownFileType = sourcecode.swift; path = MorningPaperView.swift; sourceTree = "<group>"; };
		C47A64022C9717C6003E8949 /* DataView.swift */ = {isa = PBXFileReference; lastKnownFileType = sourcecode.swift; path = DataView.swift; sourceTree = "<group>"; };
		C47A64052C9717E3003E8949 /* MusicView.swift */ = {isa = PBXFileReference; lastKnownFileType = sourcecode.swift; path = MusicView.swift; sourceTree = "<group>"; };
		C47A64082C971817003E8949 /* SettingView.swift */ = {isa = PBXFileReference; lastKnownFileType = sourcecode.swift; path = SettingView.swift; sourceTree = "<group>"; };
		C47A640C2C984BDE003E8949 /* UserDefaultsManager.swift */ = {isa = PBXFileReference; lastKnownFileType = sourcecode.swift; path = UserDefaultsManager.swift; sourceTree = "<group>"; };
		C47A640E2C985A07003E8949 /* Localizable.xcstrings */ = {isa = PBXFileReference; lastKnownFileType = text.json.xcstrings; path = Localizable.xcstrings; sourceTree = "<group>"; };
		C47A64112C98779D003E8949 /* TodayEmotionView.swift */ = {isa = PBXFileReference; lastKnownFileType = sourcecode.swift; path = TodayEmotionView.swift; sourceTree = "<group>"; };
		C47A64132C991BC7003E8949 /* Constant.swift */ = {isa = PBXFileReference; lastKnownFileType = sourcecode.swift; path = Constant.swift; sourceTree = "<group>"; };
		C47A641D2C995FC8003E8949 /* WritingView.swift */ = {isa = PBXFileReference; lastKnownFileType = sourcecode.swift; path = WritingView.swift; sourceTree = "<group>"; };
		C47A641F2C9997DD003E8949 /* BackButtonWrapper.swift */ = {isa = PBXFileReference; lastKnownFileType = sourcecode.swift; path = BackButtonWrapper.swift; sourceTree = "<group>"; };
		C47A64212C99A02E003E8949 /* DateFormatterManager.swift */ = {isa = PBXFileReference; lastKnownFileType = sourcecode.swift; path = DateFormatterManager.swift; sourceTree = "<group>"; };
		C47A64272C9A966B003E8949 /* MorningPaper.swift */ = {isa = PBXFileReference; lastKnownFileType = sourcecode.swift; path = MorningPaper.swift; sourceTree = "<group>"; };
		C47A642A2C9AA4B9003E8949 /* MorningPaperTableRepository.swift */ = {isa = PBXFileReference; lastKnownFileType = sourcecode.swift; path = MorningPaperTableRepository.swift; sourceTree = "<group>"; };
		C47A642E2C9AEB84003E8949 /* RoundedCorner.swift */ = {isa = PBXFileReference; lastKnownFileType = sourcecode.swift; path = RoundedCorner.swift; sourceTree = "<group>"; };
		C47A64302C9B0621003E8949 /* Color+.swift */ = {isa = PBXFileReference; lastKnownFileType = sourcecode.swift; path = "Color+.swift"; sourceTree = "<group>"; };
		C47A64362C9EAD78003E8949 /* DetailView.swift */ = {isa = PBXFileReference; lastKnownFileType = sourcecode.swift; path = DetailView.swift; sourceTree = "<group>"; };
		C4E2F2EE2CA14C8D00E97157 /* CommentView.swift */ = {isa = PBXFileReference; lastKnownFileType = sourcecode.swift; path = CommentView.swift; sourceTree = "<group>"; };
		C4E2F2F02CA2E6BA00E97157 /* CalendarView.swift */ = {isa = PBXFileReference; lastKnownFileType = sourcecode.swift; path = CalendarView.swift; sourceTree = "<group>"; };
		C4E2F2F22CA30CBA00E97157 /* ChartView.swift */ = {isa = PBXFileReference; lastKnownFileType = sourcecode.swift; path = ChartView.swift; sourceTree = "<group>"; };
		C4E2F2F52CA4417000E97157 /* CustomCalendarView.swift */ = {isa = PBXFileReference; lastKnownFileType = sourcecode.swift; path = CustomCalendarView.swift; sourceTree = "<group>"; };
		C4E2F2F82CA5567300E97157 /* DateValue.swift */ = {isa = PBXFileReference; lastKnownFileType = sourcecode.swift; path = DateValue.swift; sourceTree = "<group>"; };
/* End PBXFileReference section */

/* Begin PBXFrameworksBuildPhase section */
		C46D065E2C91123E001EF943 /* Frameworks */ = {
			isa = PBXFrameworksBuildPhase;
			buildActionMask = 2147483647;
			files = (
				C47A64262C9A93B9003E8949 /* RealmSwift in Frameworks */,
			);
			runOnlyForDeploymentPostprocessing = 0;
		};
/* End PBXFrameworksBuildPhase section */

/* Begin PBXGroup section */
		C46D06582C91123E001EF943 = {
			isa = PBXGroup;
			children = (
				C46D06632C91123E001EF943 /* me-time */,
				C46D06622C91123E001EF943 /* Products */,
			);
			sourceTree = "<group>";
		};
		C46D06622C91123E001EF943 /* Products */ = {
			isa = PBXGroup;
			children = (
				C46D06612C91123E001EF943 /* me-time.app */,
			);
			name = Products;
			sourceTree = "<group>";
		};
		C46D06632C91123E001EF943 /* me-time */ = {
			isa = PBXGroup;
			children = (
				C46D06642C91123E001EF943 /* me_timeApp.swift */,
				C46D06912C957BD1001EF943 /* Info.plist */,
				C47A64292C9A97BD003E8949 /* Database */,
				C4E2F2F72CA5565700E97157 /* Model */,
				C46D066A2C91123F001EF943 /* Preview Content */,
				C46D06B42C96C0DF001EF943 /* Wrapper */,
				C47A640B2C972AE0003E8949 /* Manager */,
				C46D06B12C96BAEE001EF943 /* Extension */,
				C46D069D2C96B7F3001EF943 /* Resource */,
				C46D069A2C95879C001EF943 /* CustomView */,
				C46D068F2C957AB9001EF943 /* Presentation */,
				C47A640E2C985A07003E8949 /* Localizable.xcstrings */,
			);
			path = "me-time";
			sourceTree = "<group>";
		};
		C46D066A2C91123F001EF943 /* Preview Content */ = {
			isa = PBXGroup;
			children = (
				C46D066B2C91123F001EF943 /* Preview Assets.xcassets */,
			);
			path = "Preview Content";
			sourceTree = "<group>";
		};
		C46D068F2C957AB9001EF943 /* Presentation */ = {
			isa = PBXGroup;
			children = (
				C46D06BB2C96D2E5001EF943 /* Tab */,
				C47A64322C9EACFE003E8949 /* MorningPaper */,
				C46D06922C957F43001EF943 /* LaunchScreen */,
				C46D06902C957ADF001EF943 /* Onboarding */,
				C47A64102C98778A003E8949 /* TodayEmotion */,
				C47A64012C9717B6003E8949 /* Data */,
				C47A64042C9717D5003E8949 /* Music */,
				C47A64072C9717F0003E8949 /* Setting */,
			);
			path = Presentation;
			sourceTree = "<group>";
		};
		C46D06902C957ADF001EF943 /* Onboarding */ = {
			isa = PBXGroup;
			children = (
				C46D06982C95873B001EF943 /* OnboardingView.swift */,
			);
			path = Onboarding;
			sourceTree = "<group>";
		};
		C46D06922C957F43001EF943 /* LaunchScreen */ = {
			isa = PBXGroup;
			children = (
				C46D06932C957F50001EF943 /* LaunchScreenView.swift */,
			);
			path = LaunchScreen;
			sourceTree = "<group>";
		};
		C46D06952C957FD1001EF943 /* Assets */ = {
			isa = PBXGroup;
			children = (
				C46D06682C91123F001EF943 /* Assets.xcassets */,
				C46D06962C958053001EF943 /* Color.xcassets */,
			);
			path = Assets;
			sourceTree = "<group>";
		};
		C46D069A2C95879C001EF943 /* CustomView */ = {
			isa = PBXGroup;
			children = (
				C46D069B2C96B6D5001EF943 /* CommonButton.swift */,
			);
			path = CustomView;
			sourceTree = "<group>";
		};
		C46D069D2C96B7F3001EF943 /* Resource */ = {
			isa = PBXGroup;
			children = (
				C46D069E2C96B7FE001EF943 /* Fonts */,
				C46D06952C957FD1001EF943 /* Assets */,
				C47A64132C991BC7003E8949 /* Constant.swift */,
			);
			path = Resource;
			sourceTree = "<group>";
		};
		C46D069E2C96B7FE001EF943 /* Fonts */ = {
			isa = PBXGroup;
			children = (
				C46D06AB2C96BA1B001EF943 /* Morena-Bold.otf */,
				C46D06A72C96BA1B001EF943 /* Morena-ExtraLight.otf */,
				C46D06A92C96BA1B001EF943 /* Morena-Light.otf */,
				C46D06AA2C96BA1B001EF943 /* Morena-Semibold.otf */,
				C46D06A82C96BA1B001EF943 /* Morena.otf */,
				C46D06A32C96BA0F001EF943 /* GowunBatang-Bold.ttf */,
				C46D06A42C96BA0F001EF943 /* GowunBatang-Regular.ttf */,
				C46D069F2C96B9F3001EF943 /* DMSerifDisplay-Italic.ttf */,
				C46D06A02C96B9F3001EF943 /* DMSerifDisplay-Regular.ttf */,
			);
			path = Fonts;
			sourceTree = "<group>";
		};
		C46D06B12C96BAEE001EF943 /* Extension */ = {
			isa = PBXGroup;
			children = (
				C46D06B22C96BAF8001EF943 /* Font+.swift */,
				C47A64302C9B0621003E8949 /* Color+.swift */,
			);
			path = Extension;
			sourceTree = "<group>";
		};
		C46D06B42C96C0DF001EF943 /* Wrapper */ = {
			isa = PBXGroup;
			children = (
				C46D06B52C96C13B001EF943 /* ButtonShapeWrapper.swift */,
				C46D06B72C96C7D8001EF943 /* ButtonWrapper.swift */,
				C47A641F2C9997DD003E8949 /* BackButtonWrapper.swift */,
				C47A642E2C9AEB84003E8949 /* RoundedCorner.swift */,
			);
			path = Wrapper;
			sourceTree = "<group>";
		};
		C46D06BB2C96D2E5001EF943 /* Tab */ = {
			isa = PBXGroup;
			children = (
				C47A63FC2C97177F003E8949 /* CustomTabView.swift */,
			);
			path = Tab;
			sourceTree = "<group>";
		};
		C47A64012C9717B6003E8949 /* Data */ = {
			isa = PBXGroup;
			children = (
				C47A64022C9717C6003E8949 /* DataView.swift */,
				C4E2F2F52CA4417000E97157 /* CustomCalendarView.swift */,
				C4E2F2F02CA2E6BA00E97157 /* CalendarView.swift */,
				C4E2F2F22CA30CBA00E97157 /* ChartView.swift */,
			);
			path = Data;
			sourceTree = "<group>";
		};
		C47A64042C9717D5003E8949 /* Music */ = {
			isa = PBXGroup;
			children = (
				C47A64052C9717E3003E8949 /* MusicView.swift */,
			);
			path = Music;
			sourceTree = "<group>";
		};
		C47A64072C9717F0003E8949 /* Setting */ = {
			isa = PBXGroup;
			children = (
				C47A64082C971817003E8949 /* SettingView.swift */,
			);
			path = Setting;
			sourceTree = "<group>";
		};
		C47A640B2C972AE0003E8949 /* Manager */ = {
			isa = PBXGroup;
			children = (
				C47A640C2C984BDE003E8949 /* UserDefaultsManager.swift */,
				C47A64212C99A02E003E8949 /* DateFormatterManager.swift */,
			);
			path = Manager;
			sourceTree = "<group>";
		};
		C47A64102C98778A003E8949 /* TodayEmotion */ = {
			isa = PBXGroup;
			children = (
				C47A64112C98779D003E8949 /* TodayEmotionView.swift */,
			);
			path = TodayEmotion;
			sourceTree = "<group>";
		};
		C47A64292C9A97BD003E8949 /* Database */ = {
			isa = PBXGroup;
			children = (
				C47A64272C9A966B003E8949 /* MorningPaper.swift */,
				C47A642A2C9AA4B9003E8949 /* MorningPaperTableRepository.swift */,
			);
			path = Database;
			sourceTree = "<group>";
		};
		C47A64322C9EACFE003E8949 /* MorningPaper */ = {
			isa = PBXGroup;
			children = (
				C47A63FF2C9717B3003E8949 /* MorningPaperView.swift */,
				C47A641D2C995FC8003E8949 /* WritingView.swift */,
				C47A64362C9EAD78003E8949 /* DetailView.swift */,
				C4E2F2EE2CA14C8D00E97157 /* CommentView.swift */,
			);
			path = MorningPaper;
			sourceTree = "<group>";
		};
		C4E2F2F72CA5565700E97157 /* Model */ = {
			isa = PBXGroup;
			children = (
				C4E2F2F82CA5567300E97157 /* DateValue.swift */,
			);
			path = Model;
			sourceTree = "<group>";
		};
/* End PBXGroup section */

/* Begin PBXNativeTarget section */
		C46D06602C91123E001EF943 /* me-time */ = {
			isa = PBXNativeTarget;
			buildConfigurationList = C46D066F2C91123F001EF943 /* Build configuration list for PBXNativeTarget "me-time" */;
			buildPhases = (
				C46D065D2C91123E001EF943 /* Sources */,
				C46D065E2C91123E001EF943 /* Frameworks */,
				C46D065F2C91123E001EF943 /* Resources */,
				C47A642D2C9ABC11003E8949 /* Embed Frameworks */,
			);
			buildRules = (
			);
			dependencies = (
			);
			name = "me-time";
			packageProductDependencies = (
				C47A64252C9A93B9003E8949 /* RealmSwift */,
			);
			productName = "me-time";
			productReference = C46D06612C91123E001EF943 /* me-time.app */;
			productType = "com.apple.product-type.application";
		};
/* End PBXNativeTarget section */

/* Begin PBXProject section */
		C46D06592C91123E001EF943 /* Project object */ = {
			isa = PBXProject;
			attributes = {
				BuildIndependentTargetsInParallel = 1;
				LastSwiftUpdateCheck = 1540;
				LastUpgradeCheck = 1540;
				TargetAttributes = {
					C46D06602C91123E001EF943 = {
						CreatedOnToolsVersion = 15.4;
					};
				};
			};
			buildConfigurationList = C46D065C2C91123E001EF943 /* Build configuration list for PBXProject "me-time" */;
			compatibilityVersion = "Xcode 14.0";
			developmentRegion = en;
			hasScannedForEncodings = 0;
			knownRegions = (
				en,
				Base,
				ko,
			);
			mainGroup = C46D06582C91123E001EF943;
			packageReferences = (
				C47A64242C9A93B9003E8949 /* XCRemoteSwiftPackageReference "realm-swift" */,
			);
			productRefGroup = C46D06622C91123E001EF943 /* Products */;
			projectDirPath = "";
			projectRoot = "";
			targets = (
				C46D06602C91123E001EF943 /* me-time */,
			);
		};
/* End PBXProject section */

/* Begin PBXResourcesBuildPhase section */
		C46D065F2C91123E001EF943 /* Resources */ = {
			isa = PBXResourcesBuildPhase;
			buildActionMask = 2147483647;
			files = (
				C46D066C2C91123F001EF943 /* Preview Assets.xcassets in Resources */,
				C46D06972C958053001EF943 /* Color.xcassets in Resources */,
				C46D06B02C96BA1B001EF943 /* Morena-Bold.otf in Resources */,
				C46D06692C91123F001EF943 /* Assets.xcassets in Resources */,
				C46D06AF2C96BA1B001EF943 /* Morena-Semibold.otf in Resources */,
				C46D06A52C96BA0F001EF943 /* GowunBatang-Bold.ttf in Resources */,
				C46D06AD2C96BA1B001EF943 /* Morena.otf in Resources */,
				C46D06A12C96B9F3001EF943 /* DMSerifDisplay-Italic.ttf in Resources */,
				C46D06A22C96B9F3001EF943 /* DMSerifDisplay-Regular.ttf in Resources */,
				C46D06AE2C96BA1B001EF943 /* Morena-Light.otf in Resources */,
				C46D06AC2C96BA1B001EF943 /* Morena-ExtraLight.otf in Resources */,
				C47A640F2C985A07003E8949 /* Localizable.xcstrings in Resources */,
				C46D06A62C96BA0F001EF943 /* GowunBatang-Regular.ttf in Resources */,
			);
			runOnlyForDeploymentPostprocessing = 0;
		};
/* End PBXResourcesBuildPhase section */

/* Begin PBXSourcesBuildPhase section */
		C46D065D2C91123E001EF943 /* Sources */ = {
			isa = PBXSourcesBuildPhase;
			buildActionMask = 2147483647;
			files = (
				C47A64202C9997DD003E8949 /* BackButtonWrapper.swift in Sources */,
				C4E2F2F32CA30CBA00E97157 /* ChartView.swift in Sources */,
				C47A64222C99A02E003E8949 /* DateFormatterManager.swift in Sources */,
				C47A64122C98779D003E8949 /* TodayEmotionView.swift in Sources */,
				C46D06B32C96BAF8001EF943 /* Font+.swift in Sources */,
				C4E2F2F92CA5567300E97157 /* DateValue.swift in Sources */,
				C47A64142C991BC7003E8949 /* Constant.swift in Sources */,
				C4E2F2F12CA2E6BA00E97157 /* CalendarView.swift in Sources */,
				C47A64002C9717B3003E8949 /* MorningPaperView.swift in Sources */,
				C47A642F2C9AEB84003E8949 /* RoundedCorner.swift in Sources */,
				C47A642B2C9AA4B9003E8949 /* MorningPaperTableRepository.swift in Sources */,
				C47A64282C9A966B003E8949 /* MorningPaper.swift in Sources */,
				C47A64032C9717C6003E8949 /* DataView.swift in Sources */,
				C47A640D2C984BDE003E8949 /* UserDefaultsManager.swift in Sources */,
				C47A64062C9717E3003E8949 /* MusicView.swift in Sources */,
				C46D069C2C96B6D5001EF943 /* CommonButton.swift in Sources */,
				C47A63FD2C97177F003E8949 /* CustomTabView.swift in Sources */,
				C47A641E2C995FC8003E8949 /* WritingView.swift in Sources */,
				C4E2F2F62CA4417000E97157 /* CustomCalendarView.swift in Sources */,
				C46D06B82C96C7D8001EF943 /* ButtonWrapper.swift in Sources */,
				C46D06B62C96C13B001EF943 /* ButtonShapeWrapper.swift in Sources */,
				C47A64372C9EAD78003E8949 /* DetailView.swift in Sources */,
				C4E2F2EF2CA14C8D00E97157 /* CommentView.swift in Sources */,
				C46D06992C95873B001EF943 /* OnboardingView.swift in Sources */,
				C47A64092C971817003E8949 /* SettingView.swift in Sources */,
				C47A64312C9B0621003E8949 /* Color+.swift in Sources */,
				C46D06652C91123E001EF943 /* me_timeApp.swift in Sources */,
				C46D06942C957F50001EF943 /* LaunchScreenView.swift in Sources */,
			);
			runOnlyForDeploymentPostprocessing = 0;
		};
/* End PBXSourcesBuildPhase section */

/* Begin XCBuildConfiguration section */
		C46D066D2C91123F001EF943 /* Debug */ = {
			isa = XCBuildConfiguration;
			buildSettings = {
				ALWAYS_SEARCH_USER_PATHS = NO;
				ASSETCATALOG_COMPILER_GENERATE_SWIFT_ASSET_SYMBOL_EXTENSIONS = YES;
				CLANG_ANALYZER_LOCALIZABILITY_NONLOCALIZED = YES;
				CLANG_ANALYZER_NONNULL = YES;
				CLANG_ANALYZER_NUMBER_OBJECT_CONVERSION = YES_AGGRESSIVE;
				CLANG_CXX_LANGUAGE_STANDARD = "gnu++20";
				CLANG_ENABLE_MODULES = YES;
				CLANG_ENABLE_OBJC_ARC = YES;
				CLANG_ENABLE_OBJC_WEAK = YES;
				CLANG_WARN_BLOCK_CAPTURE_AUTORELEASING = YES;
				CLANG_WARN_BOOL_CONVERSION = YES;
				CLANG_WARN_COMMA = YES;
				CLANG_WARN_CONSTANT_CONVERSION = YES;
				CLANG_WARN_DEPRECATED_OBJC_IMPLEMENTATIONS = YES;
				CLANG_WARN_DIRECT_OBJC_ISA_USAGE = YES_ERROR;
				CLANG_WARN_DOCUMENTATION_COMMENTS = YES;
				CLANG_WARN_EMPTY_BODY = YES;
				CLANG_WARN_ENUM_CONVERSION = YES;
				CLANG_WARN_INFINITE_RECURSION = YES;
				CLANG_WARN_INT_CONVERSION = YES;
				CLANG_WARN_NON_LITERAL_NULL_CONVERSION = YES;
				CLANG_WARN_OBJC_IMPLICIT_RETAIN_SELF = YES;
				CLANG_WARN_OBJC_LITERAL_CONVERSION = YES;
				CLANG_WARN_OBJC_ROOT_CLASS = YES_ERROR;
				CLANG_WARN_QUOTED_INCLUDE_IN_FRAMEWORK_HEADER = YES;
				CLANG_WARN_RANGE_LOOP_ANALYSIS = YES;
				CLANG_WARN_STRICT_PROTOTYPES = YES;
				CLANG_WARN_SUSPICIOUS_MOVE = YES;
				CLANG_WARN_UNGUARDED_AVAILABILITY = YES_AGGRESSIVE;
				CLANG_WARN_UNREACHABLE_CODE = YES;
				CLANG_WARN__DUPLICATE_METHOD_MATCH = YES;
				COPY_PHASE_STRIP = NO;
				DEBUG_INFORMATION_FORMAT = dwarf;
				ENABLE_STRICT_OBJC_MSGSEND = YES;
				ENABLE_TESTABILITY = YES;
				ENABLE_USER_SCRIPT_SANDBOXING = YES;
				GCC_C_LANGUAGE_STANDARD = gnu17;
				GCC_DYNAMIC_NO_PIC = NO;
				GCC_NO_COMMON_BLOCKS = YES;
				GCC_OPTIMIZATION_LEVEL = 0;
				GCC_PREPROCESSOR_DEFINITIONS = (
					"DEBUG=1",
					"$(inherited)",
				);
				GCC_WARN_64_TO_32_BIT_CONVERSION = YES;
				GCC_WARN_ABOUT_RETURN_TYPE = YES_ERROR;
				GCC_WARN_UNDECLARED_SELECTOR = YES;
				GCC_WARN_UNINITIALIZED_AUTOS = YES_AGGRESSIVE;
				GCC_WARN_UNUSED_FUNCTION = YES;
				GCC_WARN_UNUSED_VARIABLE = YES;
				IPHONEOS_DEPLOYMENT_TARGET = 17.5;
				LOCALIZATION_PREFERS_STRING_CATALOGS = YES;
				MTL_ENABLE_DEBUG_INFO = INCLUDE_SOURCE;
				MTL_FAST_MATH = YES;
				ONLY_ACTIVE_ARCH = YES;
				SDKROOT = iphoneos;
				SWIFT_ACTIVE_COMPILATION_CONDITIONS = "DEBUG $(inherited)";
				SWIFT_OPTIMIZATION_LEVEL = "-Onone";
			};
			name = Debug;
		};
		C46D066E2C91123F001EF943 /* Release */ = {
			isa = XCBuildConfiguration;
			buildSettings = {
				ALWAYS_SEARCH_USER_PATHS = NO;
				ASSETCATALOG_COMPILER_GENERATE_SWIFT_ASSET_SYMBOL_EXTENSIONS = YES;
				CLANG_ANALYZER_LOCALIZABILITY_NONLOCALIZED = YES;
				CLANG_ANALYZER_NONNULL = YES;
				CLANG_ANALYZER_NUMBER_OBJECT_CONVERSION = YES_AGGRESSIVE;
				CLANG_CXX_LANGUAGE_STANDARD = "gnu++20";
				CLANG_ENABLE_MODULES = YES;
				CLANG_ENABLE_OBJC_ARC = YES;
				CLANG_ENABLE_OBJC_WEAK = YES;
				CLANG_WARN_BLOCK_CAPTURE_AUTORELEASING = YES;
				CLANG_WARN_BOOL_CONVERSION = YES;
				CLANG_WARN_COMMA = YES;
				CLANG_WARN_CONSTANT_CONVERSION = YES;
				CLANG_WARN_DEPRECATED_OBJC_IMPLEMENTATIONS = YES;
				CLANG_WARN_DIRECT_OBJC_ISA_USAGE = YES_ERROR;
				CLANG_WARN_DOCUMENTATION_COMMENTS = YES;
				CLANG_WARN_EMPTY_BODY = YES;
				CLANG_WARN_ENUM_CONVERSION = YES;
				CLANG_WARN_INFINITE_RECURSION = YES;
				CLANG_WARN_INT_CONVERSION = YES;
				CLANG_WARN_NON_LITERAL_NULL_CONVERSION = YES;
				CLANG_WARN_OBJC_IMPLICIT_RETAIN_SELF = YES;
				CLANG_WARN_OBJC_LITERAL_CONVERSION = YES;
				CLANG_WARN_OBJC_ROOT_CLASS = YES_ERROR;
				CLANG_WARN_QUOTED_INCLUDE_IN_FRAMEWORK_HEADER = YES;
				CLANG_WARN_RANGE_LOOP_ANALYSIS = YES;
				CLANG_WARN_STRICT_PROTOTYPES = YES;
				CLANG_WARN_SUSPICIOUS_MOVE = YES;
				CLANG_WARN_UNGUARDED_AVAILABILITY = YES_AGGRESSIVE;
				CLANG_WARN_UNREACHABLE_CODE = YES;
				CLANG_WARN__DUPLICATE_METHOD_MATCH = YES;
				COPY_PHASE_STRIP = NO;
				DEBUG_INFORMATION_FORMAT = "dwarf-with-dsym";
				ENABLE_NS_ASSERTIONS = NO;
				ENABLE_STRICT_OBJC_MSGSEND = YES;
				ENABLE_USER_SCRIPT_SANDBOXING = YES;
				GCC_C_LANGUAGE_STANDARD = gnu17;
				GCC_NO_COMMON_BLOCKS = YES;
				GCC_WARN_64_TO_32_BIT_CONVERSION = YES;
				GCC_WARN_ABOUT_RETURN_TYPE = YES_ERROR;
				GCC_WARN_UNDECLARED_SELECTOR = YES;
				GCC_WARN_UNINITIALIZED_AUTOS = YES_AGGRESSIVE;
				GCC_WARN_UNUSED_FUNCTION = YES;
				GCC_WARN_UNUSED_VARIABLE = YES;
				IPHONEOS_DEPLOYMENT_TARGET = 17.5;
				LOCALIZATION_PREFERS_STRING_CATALOGS = YES;
				MTL_ENABLE_DEBUG_INFO = NO;
				MTL_FAST_MATH = YES;
				SDKROOT = iphoneos;
				SWIFT_COMPILATION_MODE = wholemodule;
				VALIDATE_PRODUCT = YES;
			};
			name = Release;
		};
		C46D06702C91123F001EF943 /* Debug */ = {
			isa = XCBuildConfiguration;
			buildSettings = {
				ASSETCATALOG_COMPILER_APPICON_NAME = AppIcon;
				ASSETCATALOG_COMPILER_GLOBAL_ACCENT_COLOR_NAME = AccentColor;
				CODE_SIGN_STYLE = Automatic;
				CURRENT_PROJECT_VERSION = 1;
				DEVELOPMENT_ASSET_PATHS = "\"me-time/Preview Content\"";
				DEVELOPMENT_TEAM = 95Z2W8U6PK;
				ENABLE_PREVIEWS = YES;
				GENERATE_INFOPLIST_FILE = YES;
				INFOPLIST_FILE = "me-time/Info.plist";
				INFOPLIST_KEY_CFBundleDisplayName = "Me Time";
				INFOPLIST_KEY_UIApplicationSceneManifest_Generation = YES;
				INFOPLIST_KEY_UIApplicationSupportsIndirectInputEvents = YES;
				INFOPLIST_KEY_UILaunchStoryboardName = "Launch Screen.storyboard";
				INFOPLIST_KEY_UISupportedInterfaceOrientations = UIInterfaceOrientationPortrait;
				INFOPLIST_KEY_UISupportedInterfaceOrientations_iPad = UIInterfaceOrientationPortrait;
				INFOPLIST_KEY_UIUserInterfaceStyle = Light;
				IPHONEOS_DEPLOYMENT_TARGET = 16.0;
				LD_RUNPATH_SEARCH_PATHS = (
					"$(inherited)",
					"@executable_path/Frameworks",
				);
				MARKETING_VERSION = 1.0;
				PRODUCT_BUNDLE_IDENTIFIER = "com.junehee.me-time";
				PRODUCT_NAME = "$(TARGET_NAME)";
				SUPPORTED_PLATFORMS = "iphoneos iphonesimulator";
				SUPPORTS_MACCATALYST = NO;
				SUPPORTS_MAC_DESIGNED_FOR_IPHONE_IPAD = NO;
				SUPPORTS_XR_DESIGNED_FOR_IPHONE_IPAD = NO;
				SWIFT_EMIT_LOC_STRINGS = YES;
				SWIFT_VERSION = 5.0;
				TARGETED_DEVICE_FAMILY = 1;
			};
			name = Debug;
		};
		C46D06712C91123F001EF943 /* Release */ = {
			isa = XCBuildConfiguration;
			buildSettings = {
				ASSETCATALOG_COMPILER_APPICON_NAME = AppIcon;
				ASSETCATALOG_COMPILER_GLOBAL_ACCENT_COLOR_NAME = AccentColor;
				CODE_SIGN_STYLE = Automatic;
				CURRENT_PROJECT_VERSION = 1;
				DEVELOPMENT_ASSET_PATHS = "\"me-time/Preview Content\"";
				DEVELOPMENT_TEAM = 95Z2W8U6PK;
				ENABLE_PREVIEWS = YES;
				GENERATE_INFOPLIST_FILE = YES;
				INFOPLIST_FILE = "me-time/Info.plist";
				INFOPLIST_KEY_CFBundleDisplayName = "Me Time";
				INFOPLIST_KEY_UIApplicationSceneManifest_Generation = YES;
				INFOPLIST_KEY_UIApplicationSupportsIndirectInputEvents = YES;
				INFOPLIST_KEY_UILaunchStoryboardName = "Launch Screen.storyboard";
				INFOPLIST_KEY_UISupportedInterfaceOrientations = UIInterfaceOrientationPortrait;
				INFOPLIST_KEY_UISupportedInterfaceOrientations_iPad = UIInterfaceOrientationPortrait;
				INFOPLIST_KEY_UIUserInterfaceStyle = Light;
				IPHONEOS_DEPLOYMENT_TARGET = 16.0;
				LD_RUNPATH_SEARCH_PATHS = (
					"$(inherited)",
					"@executable_path/Frameworks",
				);
				MARKETING_VERSION = 1.0;
				PRODUCT_BUNDLE_IDENTIFIER = "com.junehee.me-time";
				PRODUCT_NAME = "$(TARGET_NAME)";
				SUPPORTED_PLATFORMS = "iphoneos iphonesimulator";
				SUPPORTS_MACCATALYST = NO;
				SUPPORTS_MAC_DESIGNED_FOR_IPHONE_IPAD = NO;
				SUPPORTS_XR_DESIGNED_FOR_IPHONE_IPAD = NO;
				SWIFT_EMIT_LOC_STRINGS = YES;
				SWIFT_VERSION = 5.0;
				TARGETED_DEVICE_FAMILY = 1;
			};
			name = Release;
		};
/* End XCBuildConfiguration section */

/* Begin XCConfigurationList section */
		C46D065C2C91123E001EF943 /* Build configuration list for PBXProject "me-time" */ = {
			isa = XCConfigurationList;
			buildConfigurations = (
				C46D066D2C91123F001EF943 /* Debug */,
				C46D066E2C91123F001EF943 /* Release */,
			);
			defaultConfigurationIsVisible = 0;
			defaultConfigurationName = Release;
		};
		C46D066F2C91123F001EF943 /* Build configuration list for PBXNativeTarget "me-time" */ = {
			isa = XCConfigurationList;
			buildConfigurations = (
				C46D06702C91123F001EF943 /* Debug */,
				C46D06712C91123F001EF943 /* Release */,
			);
			defaultConfigurationIsVisible = 0;
			defaultConfigurationName = Release;
		};
/* End XCConfigurationList section */

/* Begin XCRemoteSwiftPackageReference section */
		C47A64242C9A93B9003E8949 /* XCRemoteSwiftPackageReference "realm-swift" */ = {
			isa = XCRemoteSwiftPackageReference;
			repositoryURL = "https://github.com/realm/realm-swift.git";
			requirement = {
				kind = exactVersion;
				version = 20.0.0;
			};
		};
/* End XCRemoteSwiftPackageReference section */

/* Begin XCSwiftPackageProductDependency section */
		C47A64252C9A93B9003E8949 /* RealmSwift */ = {
			isa = XCSwiftPackageProductDependency;
			package = C47A64242C9A93B9003E8949 /* XCRemoteSwiftPackageReference "realm-swift" */;
			productName = RealmSwift;
		};
/* End XCSwiftPackageProductDependency section */
	};
	rootObject = C46D06592C91123E001EF943 /* Project object */;
}
